// !$*UTF8*$!
{
	archiveVersion = 1;
	classes = {
	};
	objectVersion = 46;
	objects = {

/* Begin PBXBuildFile section */
		1C5CEECF609E44DEA7F030BD /* libPods.a in Frameworks */ = {isa = PBXBuildFile; fileRef = 9A0727D482144195A98A0623 /* libPods.a */; };
		8381955F17077B0700785C36 /* SharesViewController.m in Sources */ = {isa = PBXBuildFile; fileRef = 8381955D17077B0700785C36 /* SharesViewController.m */; };
		8381956017077B0700785C36 /* SharesViewController.xib in Resources */ = {isa = PBXBuildFile; fileRef = 8381955E17077B0700785C36 /* SharesViewController.xib */; };
		8381956317077CC900785C36 /* API.m in Sources */ = {isa = PBXBuildFile; fileRef = 8381956217077CC900785C36 /* API.m */; };
		D32D69B31707668200B3F27A /* UIKit.framework in Frameworks */ = {isa = PBXBuildFile; fileRef = D32D69B21707668200B3F27A /* UIKit.framework */; };
		D32D69B51707668200B3F27A /* Foundation.framework in Frameworks */ = {isa = PBXBuildFile; fileRef = D32D69B41707668200B3F27A /* Foundation.framework */; };
		D32D69B71707668200B3F27A /* CoreGraphics.framework in Frameworks */ = {isa = PBXBuildFile; fileRef = D32D69B61707668200B3F27A /* CoreGraphics.framework */; };
		D32D69BD1707668300B3F27A /* InfoPlist.strings in Resources */ = {isa = PBXBuildFile; fileRef = D32D69BB1707668300B3F27A /* InfoPlist.strings */; };
		D32D69BF1707668300B3F27A /* main.m in Sources */ = {isa = PBXBuildFile; fileRef = D32D69BE1707668300B3F27A /* main.m */; };
		D32D69C31707668300B3F27A /* AppDelegate.m in Sources */ = {isa = PBXBuildFile; fileRef = D32D69C21707668300B3F27A /* AppDelegate.m */; };
		D32D69C51707668300B3F27A /* Default.png in Resources */ = {isa = PBXBuildFile; fileRef = D32D69C41707668300B3F27A /* Default.png */; };
		D32D69C71707668300B3F27A /* Default@2x.png in Resources */ = {isa = PBXBuildFile; fileRef = D32D69C61707668300B3F27A /* Default@2x.png */; };
		D32D69C91707668300B3F27A /* Default-568h@2x.png in Resources */ = {isa = PBXBuildFile; fileRef = D32D69C81707668300B3F27A /* Default-568h@2x.png */; };
		D32D69E217076CEC00B3F27A /* QuartzCore.framework in Frameworks */ = {isa = PBXBuildFile; fileRef = D32D69E117076CEC00B3F27A /* QuartzCore.framework */; };
		D32D69E417076CF000B3F27A /* Security.framework in Frameworks */ = {isa = PBXBuildFile; fileRef = D32D69E317076CF000B3F27A /* Security.framework */; };
		D32D69E617076DCD00B3F27A /* README.md in Resources */ = {isa = PBXBuildFile; fileRef = D32D69E517076DCD00B3F27A /* README.md */; };
		D32D6A2217076EF600B3F27A /* ShareSelectViewController.m in Sources */ = {isa = PBXBuildFile; fileRef = D32D6A1D17076EF600B3F27A /* ShareSelectViewController.m */; };
		D32D6A2317076EF600B3F27A /* DetailViewController.m in Sources */ = {isa = PBXBuildFile; fileRef = D32D6A1F17076EF600B3F27A /* DetailViewController.m */; };
		D32D6A2417076EF600B3F27A /* ShareSelectViewController.xib in Resources */ = {isa = PBXBuildFile; fileRef = D32D6A2017076EF600B3F27A /* ShareSelectViewController.xib */; };
		D32D6A2517076EF600B3F27A /* DetailViewController.xib in Resources */ = {isa = PBXBuildFile; fileRef = D32D6A2117076EF600B3F27A /* DetailViewController.xib */; };
		D32D6A3517078BCF00B3F27A /* StartViewController.m in Sources */ = {isa = PBXBuildFile; fileRef = D32D6A3317078BCE00B3F27A /* StartViewController.m */; };
		D32D6A3617078BCF00B3F27A /* StartViewController.xib in Resources */ = {isa = PBXBuildFile; fileRef = D32D6A3417078BCE00B3F27A /* StartViewController.xib */; };
		D32D6A38170795E700B3F27A /* CoreLocation.framework in Frameworks */ = {isa = PBXBuildFile; fileRef = D32D6A37170795E700B3F27A /* CoreLocation.framework */; };
		D357966E1707EC1200D6E0DE /* DropboxSDK.framework in Frameworks */ = {isa = PBXBuildFile; fileRef = D357966D1707EC1200D6E0DE /* DropboxSDK.framework */; };
		D35796921708031800D6E0DE /* folder.gif in Resources */ = {isa = PBXBuildFile; fileRef = D35796711708031800D6E0DE /* folder.gif */; };
		D35796931708031800D6E0DE /* folder_app.gif in Resources */ = {isa = PBXBuildFile; fileRef = D35796721708031800D6E0DE /* folder_app.gif */; };
		D35796941708031800D6E0DE /* folder_gray.gif in Resources */ = {isa = PBXBuildFile; fileRef = D35796731708031800D6E0DE /* folder_gray.gif */; };
		D35796951708031800D6E0DE /* folder_photos.gif in Resources */ = {isa = PBXBuildFile; fileRef = D35796741708031800D6E0DE /* folder_photos.gif */; };
		D35796961708031800D6E0DE /* folder_public.gif in Resources */ = {isa = PBXBuildFile; fileRef = D35796751708031800D6E0DE /* folder_public.gif */; };
		D35796971708031800D6E0DE /* folder_star.gif in Resources */ = {isa = PBXBuildFile; fileRef = D35796761708031800D6E0DE /* folder_star.gif */; };
		D35796981708031800D6E0DE /* folder_user.gif in Resources */ = {isa = PBXBuildFile; fileRef = D35796771708031800D6E0DE /* folder_user.gif */; };
		D35796991708031800D6E0DE /* package.gif in Resources */ = {isa = PBXBuildFile; fileRef = D35796781708031800D6E0DE /* package.gif */; };
		D357969A1708031800D6E0DE /* page_white.gif in Resources */ = {isa = PBXBuildFile; fileRef = D35796791708031800D6E0DE /* page_white.gif */; };
		D357969B1708031800D6E0DE /* page_white_acrobat.gif in Resources */ = {isa = PBXBuildFile; fileRef = D357967A1708031800D6E0DE /* page_white_acrobat.gif */; };
		D357969C1708031800D6E0DE /* page_white_actionscript.gif in Resources */ = {isa = PBXBuildFile; fileRef = D357967B1708031800D6E0DE /* page_white_actionscript.gif */; };
		D357969D1708031800D6E0DE /* page_white_c.gif in Resources */ = {isa = PBXBuildFile; fileRef = D357967C1708031800D6E0DE /* page_white_c.gif */; };
		D357969E1708031800D6E0DE /* page_white_code.gif in Resources */ = {isa = PBXBuildFile; fileRef = D357967D1708031800D6E0DE /* page_white_code.gif */; };
		D357969F1708031800D6E0DE /* page_white_compressed.gif in Resources */ = {isa = PBXBuildFile; fileRef = D357967E1708031800D6E0DE /* page_white_compressed.gif */; };
		D35796A01708031800D6E0DE /* page_white_cplusplus.gif in Resources */ = {isa = PBXBuildFile; fileRef = D357967F1708031800D6E0DE /* page_white_cplusplus.gif */; };
		D35796A11708031800D6E0DE /* page_white_csharp.gif in Resources */ = {isa = PBXBuildFile; fileRef = D35796801708031800D6E0DE /* page_white_csharp.gif */; };
		D35796A21708031800D6E0DE /* page_white_cup.gif in Resources */ = {isa = PBXBuildFile; fileRef = D35796811708031800D6E0DE /* page_white_cup.gif */; };
		D35796A31708031800D6E0DE /* page_white_dvd.gif in Resources */ = {isa = PBXBuildFile; fileRef = D35796821708031800D6E0DE /* page_white_dvd.gif */; };
		D35796A41708031800D6E0DE /* page_white_excel.gif in Resources */ = {isa = PBXBuildFile; fileRef = D35796831708031800D6E0DE /* page_white_excel.gif */; };
		D35796A51708031800D6E0DE /* page_white_film.gif in Resources */ = {isa = PBXBuildFile; fileRef = D35796841708031800D6E0DE /* page_white_film.gif */; };
		D35796A61708031800D6E0DE /* page_white_flash.gif in Resources */ = {isa = PBXBuildFile; fileRef = D35796851708031800D6E0DE /* page_white_flash.gif */; };
		D35796A71708031800D6E0DE /* page_white_gear.gif in Resources */ = {isa = PBXBuildFile; fileRef = D35796861708031800D6E0DE /* page_white_gear.gif */; };
		D35796A81708031800D6E0DE /* page_white_paint.gif in Resources */ = {isa = PBXBuildFile; fileRef = D35796871708031800D6E0DE /* page_white_paint.gif */; };
		D35796A91708031800D6E0DE /* page_white_php.gif in Resources */ = {isa = PBXBuildFile; fileRef = D35796881708031800D6E0DE /* page_white_php.gif */; };
		D35796AA1708031800D6E0DE /* page_white_picture.gif in Resources */ = {isa = PBXBuildFile; fileRef = D35796891708031800D6E0DE /* page_white_picture.gif */; };
		D35796AB1708031800D6E0DE /* page_white_powerpoint.gif in Resources */ = {isa = PBXBuildFile; fileRef = D357968A1708031800D6E0DE /* page_white_powerpoint.gif */; };
		D35796AC1708031800D6E0DE /* page_white_ruby.gif in Resources */ = {isa = PBXBuildFile; fileRef = D357968B1708031800D6E0DE /* page_white_ruby.gif */; };
		D35796AD1708031800D6E0DE /* page_white_sound.gif in Resources */ = {isa = PBXBuildFile; fileRef = D357968C1708031800D6E0DE /* page_white_sound.gif */; };
		D35796AE1708031800D6E0DE /* page_white_text.gif in Resources */ = {isa = PBXBuildFile; fileRef = D357968D1708031800D6E0DE /* page_white_text.gif */; };
		D35796AF1708031800D6E0DE /* page_white_tux.gif in Resources */ = {isa = PBXBuildFile; fileRef = D357968E1708031800D6E0DE /* page_white_tux.gif */; };
		D35796B01708031800D6E0DE /* page_white_vector.gif in Resources */ = {isa = PBXBuildFile; fileRef = D357968F1708031800D6E0DE /* page_white_vector.gif */; };
		D35796B11708031800D6E0DE /* page_white_visualstudio.gif in Resources */ = {isa = PBXBuildFile; fileRef = D35796901708031800D6E0DE /* page_white_visualstudio.gif */; };
		D35796B21708031800D6E0DE /* page_white_word.gif in Resources */ = {isa = PBXBuildFile; fileRef = D35796911708031800D6E0DE /* page_white_word.gif */; };
/* End PBXBuildFile section */

/* Begin PBXFileReference section */
		8381955C17077B0700785C36 /* SharesViewController.h */ = {isa = PBXFileReference; fileEncoding = 4; lastKnownFileType = sourcecode.c.h; path = SharesViewController.h; sourceTree = "<group>"; };
		8381955D17077B0700785C36 /* SharesViewController.m */ = {isa = PBXFileReference; fileEncoding = 4; lastKnownFileType = sourcecode.c.objc; path = SharesViewController.m; sourceTree = "<group>"; };
		8381955E17077B0700785C36 /* SharesViewController.xib */ = {isa = PBXFileReference; fileEncoding = 4; lastKnownFileType = file.xib; path = SharesViewController.xib; sourceTree = "<group>"; };
		8381956117077CC800785C36 /* API.h */ = {isa = PBXFileReference; fileEncoding = 4; lastKnownFileType = sourcecode.c.h; path = API.h; sourceTree = "<group>"; };
		8381956217077CC900785C36 /* API.m */ = {isa = PBXFileReference; fileEncoding = 4; lastKnownFileType = sourcecode.c.objc; path = API.m; sourceTree = "<group>"; };
		9A0727D482144195A98A0623 /* libPods.a */ = {isa = PBXFileReference; explicitFileType = archive.ar; includeInIndex = 0; path = libPods.a; sourceTree = BUILT_PRODUCTS_DIR; };
		D32D69AF1707668200B3F27A /* AirDropbox.app */ = {isa = PBXFileReference; explicitFileType = wrapper.application; includeInIndex = 0; path = AirDropbox.app; sourceTree = BUILT_PRODUCTS_DIR; };
		D32D69B21707668200B3F27A /* UIKit.framework */ = {isa = PBXFileReference; lastKnownFileType = wrapper.framework; name = UIKit.framework; path = System/Library/Frameworks/UIKit.framework; sourceTree = SDKROOT; };
		D32D69B41707668200B3F27A /* Foundation.framework */ = {isa = PBXFileReference; lastKnownFileType = wrapper.framework; name = Foundation.framework; path = System/Library/Frameworks/Foundation.framework; sourceTree = SDKROOT; };
		D32D69B61707668200B3F27A /* CoreGraphics.framework */ = {isa = PBXFileReference; lastKnownFileType = wrapper.framework; name = CoreGraphics.framework; path = System/Library/Frameworks/CoreGraphics.framework; sourceTree = SDKROOT; };
		D32D69BA1707668300B3F27A /* AirDropbox-Info.plist */ = {isa = PBXFileReference; lastKnownFileType = text.plist.xml; path = "AirDropbox-Info.plist"; sourceTree = "<group>"; };
		D32D69BC1707668300B3F27A /* en */ = {isa = PBXFileReference; lastKnownFileType = text.plist.strings; name = en; path = en.lproj/InfoPlist.strings; sourceTree = "<group>"; };
		D32D69BE1707668300B3F27A /* main.m */ = {isa = PBXFileReference; lastKnownFileType = sourcecode.c.objc; path = main.m; sourceTree = "<group>"; };
		D32D69C01707668300B3F27A /* AirDropbox-Prefix.pch */ = {isa = PBXFileReference; lastKnownFileType = sourcecode.c.h; path = "AirDropbox-Prefix.pch"; sourceTree = "<group>"; };
		D32D69C11707668300B3F27A /* AppDelegate.h */ = {isa = PBXFileReference; lastKnownFileType = sourcecode.c.h; path = AppDelegate.h; sourceTree = "<group>"; };
		D32D69C21707668300B3F27A /* AppDelegate.m */ = {isa = PBXFileReference; lastKnownFileType = sourcecode.c.objc; path = AppDelegate.m; sourceTree = "<group>"; };
		D32D69C41707668300B3F27A /* Default.png */ = {isa = PBXFileReference; lastKnownFileType = image.png; path = Default.png; sourceTree = "<group>"; };
		D32D69C61707668300B3F27A /* Default@2x.png */ = {isa = PBXFileReference; lastKnownFileType = image.png; path = "Default@2x.png"; sourceTree = "<group>"; };
		D32D69C81707668300B3F27A /* Default-568h@2x.png */ = {isa = PBXFileReference; lastKnownFileType = image.png; path = "Default-568h@2x.png"; sourceTree = "<group>"; };
		D32D69E117076CEC00B3F27A /* QuartzCore.framework */ = {isa = PBXFileReference; lastKnownFileType = wrapper.framework; name = QuartzCore.framework; path = System/Library/Frameworks/QuartzCore.framework; sourceTree = SDKROOT; };
		D32D69E317076CF000B3F27A /* Security.framework */ = {isa = PBXFileReference; lastKnownFileType = wrapper.framework; name = Security.framework; path = System/Library/Frameworks/Security.framework; sourceTree = SDKROOT; };
		D32D69E517076DCD00B3F27A /* README.md */ = {isa = PBXFileReference; fileEncoding = 4; lastKnownFileType = text; path = README.md; sourceTree = "<group>"; };
		D32D6A1C17076EF600B3F27A /* ShareSelectViewController.h */ = {isa = PBXFileReference; fileEncoding = 4; lastKnownFileType = sourcecode.c.h; path = ShareSelectViewController.h; sourceTree = "<group>"; };
		D32D6A1D17076EF600B3F27A /* ShareSelectViewController.m */ = {isa = PBXFileReference; fileEncoding = 4; lastKnownFileType = sourcecode.c.objc; path = ShareSelectViewController.m; sourceTree = "<group>"; };
		D32D6A1E17076EF600B3F27A /* DetailViewController.h */ = {isa = PBXFileReference; fileEncoding = 4; lastKnownFileType = sourcecode.c.h; path = DetailViewController.h; sourceTree = "<group>"; };
		D32D6A1F17076EF600B3F27A /* DetailViewController.m */ = {isa = PBXFileReference; fileEncoding = 4; lastKnownFileType = sourcecode.c.objc; path = DetailViewController.m; sourceTree = "<group>"; };
		D32D6A2017076EF600B3F27A /* ShareSelectViewController.xib */ = {isa = PBXFileReference; fileEncoding = 4; lastKnownFileType = file.xib; path = ShareSelectViewController.xib; sourceTree = "<group>"; };
		D32D6A2117076EF600B3F27A /* DetailViewController.xib */ = {isa = PBXFileReference; fileEncoding = 4; lastKnownFileType = file.xib; path = DetailViewController.xib; sourceTree = "<group>"; };
		D32D6A3217078BCD00B3F27A /* StartViewController.h */ = {isa = PBXFileReference; fileEncoding = 4; lastKnownFileType = sourcecode.c.h; path = StartViewController.h; sourceTree = "<group>"; };
		D32D6A3317078BCE00B3F27A /* StartViewController.m */ = {isa = PBXFileReference; fileEncoding = 4; lastKnownFileType = sourcecode.c.objc; path = StartViewController.m; sourceTree = "<group>"; };
		D32D6A3417078BCE00B3F27A /* StartViewController.xib */ = {isa = PBXFileReference; fileEncoding = 4; lastKnownFileType = file.xib; path = StartViewController.xib; sourceTree = "<group>"; };
		D32D6A37170795E700B3F27A /* CoreLocation.framework */ = {isa = PBXFileReference; lastKnownFileType = wrapper.framework; name = CoreLocation.framework; path = System/Library/Frameworks/CoreLocation.framework; sourceTree = SDKROOT; };
		D357966D1707EC1200D6E0DE /* DropboxSDK.framework */ = {isa = PBXFileReference; lastKnownFileType = wrapper.framework; name = DropboxSDK.framework; path = AirDropbox/Frameworks/DropboxSDK.framework; sourceTree = "<group>"; };
		D35796711708031800D6E0DE /* folder.gif */ = {isa = PBXFileReference; lastKnownFileType = image.gif; path = folder.gif; sourceTree = "<group>"; };
		D35796721708031800D6E0DE /* folder_app.gif */ = {isa = PBXFileReference; lastKnownFileType = image.gif; path = folder_app.gif; sourceTree = "<group>"; };
		D35796731708031800D6E0DE /* folder_gray.gif */ = {isa = PBXFileReference; lastKnownFileType = image.gif; path = folder_gray.gif; sourceTree = "<group>"; };
		D35796741708031800D6E0DE /* folder_photos.gif */ = {isa = PBXFileReference; lastKnownFileType = image.gif; path = folder_photos.gif; sourceTree = "<group>"; };
		D35796751708031800D6E0DE /* folder_public.gif */ = {isa = PBXFileReference; lastKnownFileType = image.gif; path = folder_public.gif; sourceTree = "<group>"; };
		D35796761708031800D6E0DE /* folder_star.gif */ = {isa = PBXFileReference; lastKnownFileType = image.gif; path = folder_star.gif; sourceTree = "<group>"; };
		D35796771708031800D6E0DE /* folder_user.gif */ = {isa = PBXFileReference; lastKnownFileType = image.gif; path = folder_user.gif; sourceTree = "<group>"; };
		D35796781708031800D6E0DE /* package.gif */ = {isa = PBXFileReference; lastKnownFileType = image.gif; path = package.gif; sourceTree = "<group>"; };
		D35796791708031800D6E0DE /* page_white.gif */ = {isa = PBXFileReference; lastKnownFileType = image.gif; path = page_white.gif; sourceTree = "<group>"; };
		D357967A1708031800D6E0DE /* page_white_acrobat.gif */ = {isa = PBXFileReference; lastKnownFileType = image.gif; path = page_white_acrobat.gif; sourceTree = "<group>"; };
		D357967B1708031800D6E0DE /* page_white_actionscript.gif */ = {isa = PBXFileReference; lastKnownFileType = image.gif; path = page_white_actionscript.gif; sourceTree = "<group>"; };
		D357967C1708031800D6E0DE /* page_white_c.gif */ = {isa = PBXFileReference; lastKnownFileType = image.gif; path = page_white_c.gif; sourceTree = "<group>"; };
		D357967D1708031800D6E0DE /* page_white_code.gif */ = {isa = PBXFileReference; lastKnownFileType = image.gif; path = page_white_code.gif; sourceTree = "<group>"; };
		D357967E1708031800D6E0DE /* page_white_compressed.gif */ = {isa = PBXFileReference; lastKnownFileType = image.gif; path = page_white_compressed.gif; sourceTree = "<group>"; };
		D357967F1708031800D6E0DE /* page_white_cplusplus.gif */ = {isa = PBXFileReference; lastKnownFileType = image.gif; path = page_white_cplusplus.gif; sourceTree = "<group>"; };
		D35796801708031800D6E0DE /* page_white_csharp.gif */ = {isa = PBXFileReference; lastKnownFileType = image.gif; path = page_white_csharp.gif; sourceTree = "<group>"; };
		D35796811708031800D6E0DE /* page_white_cup.gif */ = {isa = PBXFileReference; lastKnownFileType = image.gif; path = page_white_cup.gif; sourceTree = "<group>"; };
		D35796821708031800D6E0DE /* page_white_dvd.gif */ = {isa = PBXFileReference; lastKnownFileType = image.gif; path = page_white_dvd.gif; sourceTree = "<group>"; };
		D35796831708031800D6E0DE /* page_white_excel.gif */ = {isa = PBXFileReference; lastKnownFileType = image.gif; path = page_white_excel.gif; sourceTree = "<group>"; };
		D35796841708031800D6E0DE /* page_white_film.gif */ = {isa = PBXFileReference; lastKnownFileType = image.gif; path = page_white_film.gif; sourceTree = "<group>"; };
		D35796851708031800D6E0DE /* page_white_flash.gif */ = {isa = PBXFileReference; lastKnownFileType = image.gif; path = page_white_flash.gif; sourceTree = "<group>"; };
		D35796861708031800D6E0DE /* page_white_gear.gif */ = {isa = PBXFileReference; lastKnownFileType = image.gif; path = page_white_gear.gif; sourceTree = "<group>"; };
		D35796871708031800D6E0DE /* page_white_paint.gif */ = {isa = PBXFileReference; lastKnownFileType = image.gif; path = page_white_paint.gif; sourceTree = "<group>"; };
		D35796881708031800D6E0DE /* page_white_php.gif */ = {isa = PBXFileReference; lastKnownFileType = image.gif; path = page_white_php.gif; sourceTree = "<group>"; };
		D35796891708031800D6E0DE /* page_white_picture.gif */ = {isa = PBXFileReference; lastKnownFileType = image.gif; path = page_white_picture.gif; sourceTree = "<group>"; };
		D357968A1708031800D6E0DE /* page_white_powerpoint.gif */ = {isa = PBXFileReference; lastKnownFileType = image.gif; path = page_white_powerpoint.gif; sourceTree = "<group>"; };
		D357968B1708031800D6E0DE /* page_white_ruby.gif */ = {isa = PBXFileReference; lastKnownFileType = image.gif; path = page_white_ruby.gif; sourceTree = "<group>"; };
		D357968C1708031800D6E0DE /* page_white_sound.gif */ = {isa = PBXFileReference; lastKnownFileType = image.gif; path = page_white_sound.gif; sourceTree = "<group>"; };
		D357968D1708031800D6E0DE /* page_white_text.gif */ = {isa = PBXFileReference; lastKnownFileType = image.gif; path = page_white_text.gif; sourceTree = "<group>"; };
		D357968E1708031800D6E0DE /* page_white_tux.gif */ = {isa = PBXFileReference; lastKnownFileType = image.gif; path = page_white_tux.gif; sourceTree = "<group>"; };
		D357968F1708031800D6E0DE /* page_white_vector.gif */ = {isa = PBXFileReference; lastKnownFileType = image.gif; path = page_white_vector.gif; sourceTree = "<group>"; };
		D35796901708031800D6E0DE /* page_white_visualstudio.gif */ = {isa = PBXFileReference; lastKnownFileType = image.gif; path = page_white_visualstudio.gif; sourceTree = "<group>"; };
		D35796911708031800D6E0DE /* page_white_word.gif */ = {isa = PBXFileReference; lastKnownFileType = image.gif; path = page_white_word.gif; sourceTree = "<group>"; };
		F4A469AD10DB43B49D71DEA8 /* Pods.xcconfig */ = {isa = PBXFileReference; includeInIndex = 1; lastKnownFileType = text.xcconfig; name = Pods.xcconfig; path = Pods/Pods.xcconfig; sourceTree = SOURCE_ROOT; };
/* End PBXFileReference section */

/* Begin PBXFrameworksBuildPhase section */
		D32D69AC1707668200B3F27A /* Frameworks */ = {
			isa = PBXFrameworksBuildPhase;
			buildActionMask = 2147483647;
			files = (
				D32D6A38170795E700B3F27A /* CoreLocation.framework in Frameworks */,
				D32D69E417076CF000B3F27A /* Security.framework in Frameworks */,
				D32D69E217076CEC00B3F27A /* QuartzCore.framework in Frameworks */,
				D32D69B31707668200B3F27A /* UIKit.framework in Frameworks */,
				D32D69B51707668200B3F27A /* Foundation.framework in Frameworks */,
				D32D69B71707668200B3F27A /* CoreGraphics.framework in Frameworks */,
				D357966E1707EC1200D6E0DE /* DropboxSDK.framework in Frameworks */,
				1C5CEECF609E44DEA7F030BD /* libPods.a in Frameworks */,
			);
			runOnlyForDeploymentPostprocessing = 0;
		};
/* End PBXFrameworksBuildPhase section */

/* Begin PBXGroup section */
		D32D69A61707668200B3F27A = {
			isa = PBXGroup;
			children = (
				D32D69E517076DCD00B3F27A /* README.md */,
				D32D69B81707668200B3F27A /* AirDropbox */,
				D32D69B11707668200B3F27A /* Frameworks */,
				D32D69B01707668200B3F27A /* Products */,
				F4A469AD10DB43B49D71DEA8 /* Pods.xcconfig */,
			);
			sourceTree = "<group>";
		};
		D32D69B01707668200B3F27A /* Products */ = {
			isa = PBXGroup;
			children = (
				D32D69AF1707668200B3F27A /* AirDropbox.app */,
			);
			name = Products;
			sourceTree = "<group>";
		};
		D32D69B11707668200B3F27A /* Frameworks */ = {
			isa = PBXGroup;
			children = (
				D357966D1707EC1200D6E0DE /* DropboxSDK.framework */,
				D32D6A37170795E700B3F27A /* CoreLocation.framework */,
				D32D69E317076CF000B3F27A /* Security.framework */,
				D32D69E117076CEC00B3F27A /* QuartzCore.framework */,
				D32D69B21707668200B3F27A /* UIKit.framework */,
				D32D69B41707668200B3F27A /* Foundation.framework */,
				D32D69B61707668200B3F27A /* CoreGraphics.framework */,
				9A0727D482144195A98A0623 /* libPods.a */,
			);
			name = Frameworks;
			sourceTree = "<group>";
		};
		D32D69B81707668200B3F27A /* AirDropbox */ = {
			isa = PBXGroup;
			children = (
				D32D69C11707668300B3F27A /* AppDelegate.h */,
				D32D69C21707668300B3F27A /* AppDelegate.m */,
				D32D6A3217078BCD00B3F27A /* StartViewController.h */,
				D32D6A3317078BCE00B3F27A /* StartViewController.m */,
				D32D6A3417078BCE00B3F27A /* StartViewController.xib */,
				D32D6A1C17076EF600B3F27A /* ShareSelectViewController.h */,
				D32D6A1D17076EF600B3F27A /* ShareSelectViewController.m */,
				D32D6A2017076EF600B3F27A /* ShareSelectViewController.xib */,
				D32D6A1E17076EF600B3F27A /* DetailViewController.h */,
				D32D6A1F17076EF600B3F27A /* DetailViewController.m */,
				D32D6A2117076EF600B3F27A /* DetailViewController.xib */,
				8381955C17077B0700785C36 /* SharesViewController.h */,
				8381955D17077B0700785C36 /* SharesViewController.m */,
				8381955E17077B0700785C36 /* SharesViewController.xib */,
				8381956117077CC800785C36 /* API.h */,
				8381956217077CC900785C36 /* API.m */,
				D357966F1708031800D6E0DE /* Images */,
				D32D69B91707668200B3F27A /* Supporting Files */,
			);
			path = AirDropbox;
			sourceTree = "<group>";
		};
		D32D69B91707668200B3F27A /* Supporting Files */ = {
			isa = PBXGroup;
			children = (
				D32D69BA1707668300B3F27A /* AirDropbox-Info.plist */,
				D32D69BB1707668300B3F27A /* InfoPlist.strings */,
				D32D69BE1707668300B3F27A /* main.m */,
				D32D69C01707668300B3F27A /* AirDropbox-Prefix.pch */,
				D32D69C41707668300B3F27A /* Default.png */,
				D32D69C61707668300B3F27A /* Default@2x.png */,
				D32D69C81707668300B3F27A /* Default-568h@2x.png */,
			);
			name = "Supporting Files";
			sourceTree = "<group>";
		};
		D357966F1708031800D6E0DE /* Images */ = {
			isa = PBXGroup;
			children = (
				D35796701708031800D6E0DE /* 48x48icons */,
			);
			path = Images;
			sourceTree = "<group>";
		};
		D35796701708031800D6E0DE /* 48x48icons */ = {
			isa = PBXGroup;
			children = (
				D35796711708031800D6E0DE /* folder.gif */,
				D35796721708031800D6E0DE /* folder_app.gif */,
				D35796731708031800D6E0DE /* folder_gray.gif */,
				D35796741708031800D6E0DE /* folder_photos.gif */,
				D35796751708031800D6E0DE /* folder_public.gif */,
				D35796761708031800D6E0DE /* folder_star.gif */,
				D35796771708031800D6E0DE /* folder_user.gif */,
				D35796781708031800D6E0DE /* package.gif */,
				D35796791708031800D6E0DE /* page_white.gif */,
				D357967A1708031800D6E0DE /* page_white_acrobat.gif */,
				D357967B1708031800D6E0DE /* page_white_actionscript.gif */,
				D357967C1708031800D6E0DE /* page_white_c.gif */,
				D357967D1708031800D6E0DE /* page_white_code.gif */,
				D357967E1708031800D6E0DE /* page_white_compressed.gif */,
				D357967F1708031800D6E0DE /* page_white_cplusplus.gif */,
				D35796801708031800D6E0DE /* page_white_csharp.gif */,
				D35796811708031800D6E0DE /* page_white_cup.gif */,
				D35796821708031800D6E0DE /* page_white_dvd.gif */,
				D35796831708031800D6E0DE /* page_white_excel.gif */,
				D35796841708031800D6E0DE /* page_white_film.gif */,
				D35796851708031800D6E0DE /* page_white_flash.gif */,
				D35796861708031800D6E0DE /* page_white_gear.gif */,
				D35796871708031800D6E0DE /* page_white_paint.gif */,
				D35796881708031800D6E0DE /* page_white_php.gif */,
				D35796891708031800D6E0DE /* page_white_picture.gif */,
				D357968A1708031800D6E0DE /* page_white_powerpoint.gif */,
				D357968B1708031800D6E0DE /* page_white_ruby.gif */,
				D357968C1708031800D6E0DE /* page_white_sound.gif */,
				D357968D1708031800D6E0DE /* page_white_text.gif */,
				D357968E1708031800D6E0DE /* page_white_tux.gif */,
				D357968F1708031800D6E0DE /* page_white_vector.gif */,
				D35796901708031800D6E0DE /* page_white_visualstudio.gif */,
				D35796911708031800D6E0DE /* page_white_word.gif */,
			);
			path = 48x48icons;
			sourceTree = "<group>";
		};
/* End PBXGroup section */

/* Begin PBXNativeTarget section */
		D32D69AE1707668200B3F27A /* AirDropbox */ = {
			isa = PBXNativeTarget;
			buildConfigurationList = D32D69D51707668300B3F27A /* Build configuration list for PBXNativeTarget "AirDropbox" */;
			buildPhases = (
				D32D69AB1707668200B3F27A /* Sources */,
				D32D69AC1707668200B3F27A /* Frameworks */,
				D32D69AD1707668200B3F27A /* Resources */,
				35F7D28F21504801913AC308 /* Copy Pods Resources */,
			);
			buildRules = (
			);
			dependencies = (
			);
			name = AirDropbox;
			productName = AirDropbox;
			productReference = D32D69AF1707668200B3F27A /* AirDropbox.app */;
			productType = "com.apple.product-type.application";
		};
/* End PBXNativeTarget section */

/* Begin PBXProject section */
		D32D69A71707668200B3F27A /* Project object */ = {
			isa = PBXProject;
			attributes = {
				LastUpgradeCheck = 0460;
				ORGANIZATIONNAME = nsmeetup;
			};
			buildConfigurationList = D32D69AA1707668200B3F27A /* Build configuration list for PBXProject "AirDropbox" */;
			compatibilityVersion = "Xcode 3.2";
			developmentRegion = English;
			hasScannedForEncodings = 0;
			knownRegions = (
				en,
			);
			mainGroup = D32D69A61707668200B3F27A;
			productRefGroup = D32D69B01707668200B3F27A /* Products */;
			projectDirPath = "";
			projectRoot = "";
			targets = (
				D32D69AE1707668200B3F27A /* AirDropbox */,
			);
		};
/* End PBXProject section */

/* Begin PBXResourcesBuildPhase section */
		D32D69AD1707668200B3F27A /* Resources */ = {
			isa = PBXResourcesBuildPhase;
			buildActionMask = 2147483647;
			files = (
				D32D69BD1707668300B3F27A /* InfoPlist.strings in Resources */,
				D32D69C51707668300B3F27A /* Default.png in Resources */,
				D32D69C71707668300B3F27A /* Default@2x.png in Resources */,
				D32D69C91707668300B3F27A /* Default-568h@2x.png in Resources */,
				D32D69E617076DCD00B3F27A /* README.md in Resources */,
				D32D6A2417076EF600B3F27A /* ShareSelectViewController.xib in Resources */,
				D32D6A2517076EF600B3F27A /* DetailViewController.xib in Resources */,
				8381956017077B0700785C36 /* SharesViewController.xib in Resources */,
				D32D6A3617078BCF00B3F27A /* StartViewController.xib in Resources */,
				D35796921708031800D6E0DE /* folder.gif in Resources */,
				D35796931708031800D6E0DE /* folder_app.gif in Resources */,
				D35796941708031800D6E0DE /* folder_gray.gif in Resources */,
				D35796951708031800D6E0DE /* folder_photos.gif in Resources */,
				D35796961708031800D6E0DE /* folder_public.gif in Resources */,
				D35796971708031800D6E0DE /* folder_star.gif in Resources */,
				D35796981708031800D6E0DE /* folder_user.gif in Resources */,
				D35796991708031800D6E0DE /* package.gif in Resources */,
				D357969A1708031800D6E0DE /* page_white.gif in Resources */,
				D357969B1708031800D6E0DE /* page_white_acrobat.gif in Resources */,
				D357969C1708031800D6E0DE /* page_white_actionscript.gif in Resources */,
				D357969D1708031800D6E0DE /* page_white_c.gif in Resources */,
				D357969E1708031800D6E0DE /* page_white_code.gif in Resources */,
				D357969F1708031800D6E0DE /* page_white_compressed.gif in Resources */,
				D35796A01708031800D6E0DE /* page_white_cplusplus.gif in Resources */,
				D35796A11708031800D6E0DE /* page_white_csharp.gif in Resources */,
				D35796A21708031800D6E0DE /* page_white_cup.gif in Resources */,
				D35796A31708031800D6E0DE /* page_white_dvd.gif in Resources */,
				D35796A41708031800D6E0DE /* page_white_excel.gif in Resources */,
				D35796A51708031800D6E0DE /* page_white_film.gif in Resources */,
				D35796A61708031800D6E0DE /* page_white_flash.gif in Resources */,
				D35796A71708031800D6E0DE /* page_white_gear.gif in Resources */,
				D35796A81708031800D6E0DE /* page_white_paint.gif in Resources */,
				D35796A91708031800D6E0DE /* page_white_php.gif in Resources */,
				D35796AA1708031800D6E0DE /* page_white_picture.gif in Resources */,
				D35796AB1708031800D6E0DE /* page_white_powerpoint.gif in Resources */,
				D35796AC1708031800D6E0DE /* page_white_ruby.gif in Resources */,
				D35796AD1708031800D6E0DE /* page_white_sound.gif in Resources */,
				D35796AE1708031800D6E0DE /* page_white_text.gif in Resources */,
				D35796AF1708031800D6E0DE /* page_white_tux.gif in Resources */,
				D35796B01708031800D6E0DE /* page_white_vector.gif in Resources */,
				D35796B11708031800D6E0DE /* page_white_visualstudio.gif in Resources */,
				D35796B21708031800D6E0DE /* page_white_word.gif in Resources */,
			);
			runOnlyForDeploymentPostprocessing = 0;
		};
/* End PBXResourcesBuildPhase section */

/* Begin PBXShellScriptBuildPhase section */
		35F7D28F21504801913AC308 /* Copy Pods Resources */ = {
			isa = PBXShellScriptBuildPhase;
			buildActionMask = 2147483647;
			files = (
			);
			inputPaths = (
			);
			name = "Copy Pods Resources";
			outputPaths = (
			);
			runOnlyForDeploymentPostprocessing = 0;
			shellPath = /bin/sh;
			shellScript = "\"${SRCROOT}/Pods/Pods-resources.sh\"\n";
		};
/* End PBXShellScriptBuildPhase section */

/* Begin PBXSourcesBuildPhase section */
		D32D69AB1707668200B3F27A /* Sources */ = {
			isa = PBXSourcesBuildPhase;
			buildActionMask = 2147483647;
			files = (
				D32D69BF1707668300B3F27A /* main.m in Sources */,
				D32D69C31707668300B3F27A /* AppDelegate.m in Sources */,
				D32D6A2217076EF600B3F27A /* ShareSelectViewController.m in Sources */,
				D32D6A2317076EF600B3F27A /* DetailViewController.m in Sources */,
				8381955F17077B0700785C36 /* SharesViewController.m in Sources */,
				8381956317077CC900785C36 /* API.m in Sources */,
				D32D6A3517078BCF00B3F27A /* StartViewController.m in Sources */,
			);
			runOnlyForDeploymentPostprocessing = 0;
		};
/* End PBXSourcesBuildPhase section */

/* Begin PBXVariantGroup section */
		D32D69BB1707668300B3F27A /* InfoPlist.strings */ = {
			isa = PBXVariantGroup;
			children = (
				D32D69BC1707668300B3F27A /* en */,
			);
			name = InfoPlist.strings;
			sourceTree = "<group>";
		};
/* End PBXVariantGroup section */

/* Begin XCBuildConfiguration section */
		D32D69D31707668300B3F27A /* Debug */ = {
			isa = XCBuildConfiguration;
			buildSettings = {
				ALWAYS_SEARCH_USER_PATHS = NO;
				CLANG_CXX_LANGUAGE_STANDARD = "gnu++0x";
				CLANG_CXX_LIBRARY = "libc++";
				CLANG_ENABLE_OBJC_ARC = YES;
				CLANG_WARN_CONSTANT_CONVERSION = YES;
				CLANG_WARN_EMPTY_BODY = YES;
				CLANG_WARN_ENUM_CONVERSION = YES;
				CLANG_WARN_INT_CONVERSION = YES;
				CLANG_WARN__DUPLICATE_METHOD_MATCH = YES;
				"CODE_SIGN_IDENTITY[sdk=iphoneos*]" = "iPhone Developer";
				COPY_PHASE_STRIP = NO;
				GCC_C_LANGUAGE_STANDARD = gnu99;
				GCC_DYNAMIC_NO_PIC = NO;
				GCC_OPTIMIZATION_LEVEL = 0;
				GCC_PREPROCESSOR_DEFINITIONS = (
					"DEBUG=1",
					"$(inherited)",
				);
				GCC_SYMBOLS_PRIVATE_EXTERN = NO;
				GCC_WARN_ABOUT_RETURN_TYPE = YES;
				GCC_WARN_UNINITIALIZED_AUTOS = YES;
				GCC_WARN_UNUSED_VARIABLE = YES;
				IPHONEOS_DEPLOYMENT_TARGET = 6.1;
				ONLY_ACTIVE_ARCH = YES;
				SDKROOT = iphoneos;
			};
			name = Debug;
		};
		D32D69D41707668300B3F27A /* Release */ = {
			isa = XCBuildConfiguration;
			buildSettings = {
				ALWAYS_SEARCH_USER_PATHS = NO;
				CLANG_CXX_LANGUAGE_STANDARD = "gnu++0x";
				CLANG_CXX_LIBRARY = "libc++";
				CLANG_ENABLE_OBJC_ARC = YES;
				CLANG_WARN_CONSTANT_CONVERSION = YES;
				CLANG_WARN_EMPTY_BODY = YES;
				CLANG_WARN_ENUM_CONVERSION = YES;
				CLANG_WARN_INT_CONVERSION = YES;
				CLANG_WARN__DUPLICATE_METHOD_MATCH = YES;
				"CODE_SIGN_IDENTITY[sdk=iphoneos*]" = "iPhone Developer";
				COPY_PHASE_STRIP = YES;
				GCC_C_LANGUAGE_STANDARD = gnu99;
				GCC_WARN_ABOUT_RETURN_TYPE = YES;
				GCC_WARN_UNINITIALIZED_AUTOS = YES;
				GCC_WARN_UNUSED_VARIABLE = YES;
				IPHONEOS_DEPLOYMENT_TARGET = 6.1;
				OTHER_CFLAGS = "-DNS_BLOCK_ASSERTIONS=1";
				SDKROOT = iphoneos;
				VALIDATE_PRODUCT = YES;
			};
			name = Release;
		};
		D32D69D61707668300B3F27A /* Debug */ = {
			isa = XCBuildConfiguration;
			baseConfigurationReference = F4A469AD10DB43B49D71DEA8 /* Pods.xcconfig */;
			buildSettings = {
				FRAMEWORK_SEARCH_PATHS = (
					"$(inherited)",
					"\"$(SRCROOT)\"",
					"\"$(SRCROOT)/AirDropbox/Frameworks\"",
				);
				GCC_PRECOMPILE_PREFIX_HEADER = YES;
				GCC_PREFIX_HEADER = "AirDropbox/AirDropbox-Prefix.pch";
				INFOPLIST_FILE = "AirDropbox/AirDropbox-Info.plist";
				PRODUCT_NAME = "$(TARGET_NAME)";
				WRAPPER_EXTENSION = app;
			};
			name = Debug;
		};
		D32D69D71707668300B3F27A /* Release */ = {
			isa = XCBuildConfiguration;
			baseConfigurationReference = F4A469AD10DB43B49D71DEA8 /* Pods.xcconfig */;
			buildSettings = {
				FRAMEWORK_SEARCH_PATHS = (
					"$(inherited)",
					"\"$(SRCROOT)\"",
					"\"$(SRCROOT)/AirDropbox/Frameworks\"",
				);
				GCC_PRECOMPILE_PREFIX_HEADER = YES;
				GCC_PREFIX_HEADER = "AirDropbox/AirDropbox-Prefix.pch";
				INFOPLIST_FILE = "AirDropbox/AirDropbox-Info.plist";
				PRODUCT_NAME = "$(TARGET_NAME)";
				WRAPPER_EXTENSION = app;
			};
			name = Release;
		};
/* End XCBuildConfiguration section */

/* Begin XCConfigurationList section */
		D32D69AA1707668200B3F27A /* Build configuration list for PBXProject "AirDropbox" */ = {
			isa = XCConfigurationList;
			buildConfigurations = (
				D32D69D31707668300B3F27A /* Debug */,
				D32D69D41707668300B3F27A /* Release */,
			);
			defaultConfigurationIsVisible = 0;
			defaultConfigurationName = Release;
		};
		D32D69D51707668300B3F27A /* Build configuration list for PBXNativeTarget "AirDropbox" */ = {
			isa = XCConfigurationList;
			buildConfigurations = (
				D32D69D61707668300B3F27A /* Debug */,
				D32D69D71707668300B3F27A /* Release */,
			);
			defaultConfigurationIsVisible = 0;
			defaultConfigurationName = Release;
		};
/* End XCConfigurationList section */
	};
	rootObject = D32D69A71707668200B3F27A /* Project object */;
}
